{
  "name": "pirsch",
  "version": "1.7.2",
  "lockfileVersion": 2,
  "requires": true,
  "packages": {
    "": {
      "name": "pirsch",
      "version": "1.7.2",
      "license": "GNU AGPLv3",
      "devDependencies": {
        "uglify-js": "^3.13.10"
      }
    },
    "node_modules/uglify-js": {
      "version": "3.13.10",
      "resolved": "https://registry.npmjs.org/uglify-js/-/uglify-js-3.13.10.tgz",
      "integrity": "sha512-57H3ACYFXeo1IaZ1w02sfA71wI60MGco/IQFjOqK+WtKoprh7Go2/yvd2HPtoJILO2Or84ncLccI4xoHMTSbGg==",
      "dev": true,
      "bin": {
        "uglifyjs": "bin/uglifyjs"
      },
      "engines": {
        "node": ">=0.8.0"
      }
    }
  },
  "dependencies": {
    "uglify-js": {
      "version": "3.13.10",
      "resolved": "https://registry.npmjs.org/uglify-js/-/uglify-js-3.13.10.tgz",
      "integrity": "sha512-57H3ACYFXeo1IaZ1w02sfA71wI60MGco/IQFjOqK+WtKoprh7Go2/yvd2HPtoJILO2Or84ncLccI4xoHMTSbGg==",
      "dev": true
    }
  }
}
